{
    "name": "@quantumart/qa-engine-page-structure-angular",
    "version": "0.1.0",
    "lockfileVersion": 2,
    "requires": true,
    "packages": {
        "": {
            "name": "@quantumart/qa-engine-page-structure-angular",
            "version": "0.1.0",
            "dependencies": {
                "tslib": "^2.3.0"
            },
            "peerDependencies": {
                "@angular/common": "^13.1.0",
                "@angular/core": "^13.1.0",
                "@angular/platform-browser": "^13.1.0",
                "@angular/router": "^13.1.0",
                "camelcase": "^7.0.0",
                "ngx-dynamic-hooks": "^2.0.3",
                "rxjs": "^7.4.0"
            }
        },
        "node_modules/@angular/common": {
            "version": "13.3.12",
            "resolved": "https://registry.npmjs.org/@angular/common/-/common-13.3.12.tgz",
            "integrity": "sha512-Nk4zNKfda92aFe+cucHRv2keyryR7C1ZnsurwZW9WZSobpY3z2tTT81F+yy35lGoMt5BDBAIpfh1b4j9Ue/vMg==",
            "peer": true,
            "dependencies": {
                "tslib": "^2.3.0"
            },
            "engines": {
                "node": "^12.20.0 || ^14.15.0 || >=16.10.0"
            },
            "peerDependencies": {
                "@angular/core": "13.3.12",
                "rxjs": "^6.5.3 || ^7.4.0"
            }
        },
        "node_modules/@angular/core": {
            "version": "13.3.12",
            "resolved": "https://registry.npmjs.org/@angular/core/-/core-13.3.12.tgz",
            "integrity": "sha512-jx0YC+NbPMbxGr5bXECkCEQv2RdVxR8AJNnabkPk8ZjwCpDzROrbELwwS1kunrZUhffcD15IhWGBvf1EGHAYDw==",
            "peer": true,
            "dependencies": {
                "tslib": "^2.3.0"
            },
            "engines": {
                "node": "^12.20.0 || ^14.15.0 || >=16.10.0"
            },
            "peerDependencies": {
                "rxjs": "^6.5.3 || ^7.4.0",
                "zone.js": "~0.11.4"
            }
        },
        "node_modules/@angular/platform-browser": {
            "version": "13.3.12",
            "resolved": "https://registry.npmjs.org/@angular/platform-browser/-/platform-browser-13.3.12.tgz",
            "integrity": "sha512-sfhQqU4xjTJCjkH62TQeH5/gkay/KzvNDF95J6NHi/Q6p2dbtzZdXuLJKR/sHxtF2kc505z5v9RNm6XMSXM1KA==",
            "peer": true,
            "dependencies": {
                "tslib": "^2.3.0"
            },
            "engines": {
                "node": "^12.20.0 || ^14.15.0 || >=16.10.0"
            },
            "peerDependencies": {
                "@angular/animations": "13.3.12",
                "@angular/common": "13.3.12",
                "@angular/core": "13.3.12"
            },
            "peerDependenciesMeta": {
                "@angular/animations": {
                    "optional": true
                }
            }
        },
        "node_modules/@angular/router": {
            "version": "13.3.12",
            "resolved": "https://registry.npmjs.org/@angular/router/-/router-13.3.12.tgz",
            "integrity": "sha512-X+TAxTAlqUd2gPm6drFBGVzQsbQWM5wmZ8S5D5i+86x7Ku0v2CUFICT6AUPSl9+FTPiexlL4FdmvQV2CnGTSUw==",
            "peer": true,
            "dependencies": {
                "tslib": "^2.3.0"
            },
            "engines": {
                "node": "^12.20.0 || ^14.15.0 || >=16.10.0"
            },
            "peerDependencies": {
                "@angular/common": "13.3.12",
                "@angular/core": "13.3.12",
                "@angular/platform-browser": "13.3.12",
                "rxjs": "^6.5.3 || ^7.4.0"
            }
        },
        "node_modules/camelcase": {
            "version": "7.0.0",
            "resolved": "https://registry.npmjs.org/camelcase/-/camelcase-7.0.0.tgz",
            "integrity": "sha512-JToIvOmz6nhGsUhAYScbo2d6Py5wojjNfoxoc2mEVLUdJ70gJK2gnd+ABY1Tc3sVMyK7QDPtN0T/XdlCQWITyQ==",
            "peer": true,
            "engines": {
                "node": ">=14.16"
            },
            "funding": {
                "url": "https://github.com/sponsors/sindresorhus"
            }
        },
        "node_modules/ngx-dynamic-hooks": {
            "version": "2.0.3",
            "resolved": "https://registry.npmjs.org/ngx-dynamic-hooks/-/ngx-dynamic-hooks-2.0.3.tgz",
            "integrity": "sha512-9JNcke0tnUrM4HIWLXqPhw94R5Q61d3F0OdCWh3PNRSf6zsyeIO3Si0HHkUnqRx0mnSX9lxuqdETftcpDfM7nQ==",
            "peer": true,
            "dependencies": {
                "tslib": "^2.0.0"
            }
        },
        "node_modules/rxjs": {
            "version": "7.6.0",
            "resolved": "https://registry.npmjs.org/rxjs/-/rxjs-7.6.0.tgz",
            "integrity": "sha512-DDa7d8TFNUalGC9VqXvQ1euWNN7sc63TrUCuM9J998+ViviahMIjKSOU7rfcgFOF+FCD71BhDRv4hrFz+ImDLQ==",
            "peer": true,
            "dependencies": {
                "tslib": "^2.1.0"
            }
        },
        "node_modules/tslib": {
            "version": "2.4.1",
            "resolved": "https://registry.npmjs.org/tslib/-/tslib-2.4.1.tgz",
            "integrity": "sha512-tGyy4dAjRIEwI7BzsB0lynWgOpfqjUdq91XXAlIWD2OwKBH7oCl/GZG/HT4BOHrTlPMOASlMQ7veyTqpmRcrNA=="
        },
        "node_modules/zone.js": {
            "version": "0.11.8",
            "resolved": "https://registry.npmjs.org/zone.js/-/zone.js-0.11.8.tgz",
            "integrity": "sha512-82bctBg2hKcEJ21humWIkXRlLBBmrc3nN7DFh5LGGhcyycO2S7FN8NmdvlcKaGFDNVL4/9kFLmwmInTavdJERA==",
            "peer": true,
            "dependencies": {
                "tslib": "^2.3.0"
            }
        }
    },
    "dependencies": {
        "@angular/common": {
            "version": "13.3.12",
            "resolved": "https://registry.npmjs.org/@angular/common/-/common-13.3.12.tgz",
            "integrity": "sha512-Nk4zNKfda92aFe+cucHRv2keyryR7C1ZnsurwZW9WZSobpY3z2tTT81F+yy35lGoMt5BDBAIpfh1b4j9Ue/vMg==",
            "peer": true,
            "requires": {
                "tslib": "^2.3.0"
            }
        },
        "@angular/core": {
            "version": "13.3.12",
            "resolved": "https://registry.npmjs.org/@angular/core/-/core-13.3.12.tgz",
            "integrity": "sha512-jx0YC+NbPMbxGr5bXECkCEQv2RdVxR8AJNnabkPk8ZjwCpDzROrbELwwS1kunrZUhffcD15IhWGBvf1EGHAYDw==",
            "peer": true,
            "requires": {
                "tslib": "^2.3.0"
            }
        },
        "@angular/platform-browser": {
            "version": "13.3.12",
            "resolved": "https://registry.npmjs.org/@angular/platform-browser/-/platform-browser-13.3.12.tgz",
            "integrity": "sha512-sfhQqU4xjTJCjkH62TQeH5/gkay/KzvNDF95J6NHi/Q6p2dbtzZdXuLJKR/sHxtF2kc505z5v9RNm6XMSXM1KA==",
            "peer": true,
            "requires": {
                "tslib": "^2.3.0"
            }
        },
        "@angular/router": {
            "version": "13.3.12",
            "resolved": "https://registry.npmjs.org/@angular/router/-/router-13.3.12.tgz",
            "integrity": "sha512-X+TAxTAlqUd2gPm6drFBGVzQsbQWM5wmZ8S5D5i+86x7Ku0v2CUFICT6AUPSl9+FTPiexlL4FdmvQV2CnGTSUw==",
            "peer": true,
            "requires": {
                "tslib": "^2.3.0"
            }
        },
        "camelcase": {
            "version": "7.0.0",
            "resolved": "https://registry.npmjs.org/camelcase/-/camelcase-7.0.0.tgz",
            "integrity": "sha512-JToIvOmz6nhGsUhAYScbo2d6Py5wojjNfoxoc2mEVLUdJ70gJK2gnd+ABY1Tc3sVMyK7QDPtN0T/XdlCQWITyQ==",
            "peer": true
        },
        "ngx-dynamic-hooks": {
            "version": "2.0.3",
            "resolved": "https://registry.npmjs.org/ngx-dynamic-hooks/-/ngx-dynamic-hooks-2.0.3.tgz",
            "integrity": "sha512-9JNcke0tnUrM4HIWLXqPhw94R5Q61d3F0OdCWh3PNRSf6zsyeIO3Si0HHkUnqRx0mnSX9lxuqdETftcpDfM7nQ==",
            "peer": true,
            "requires": {
                "tslib": "^2.0.0"
            }
        },
        "rxjs": {
            "version": "7.6.0",
            "resolved": "https://registry.npmjs.org/rxjs/-/rxjs-7.6.0.tgz",
            "integrity": "sha512-DDa7d8TFNUalGC9VqXvQ1euWNN7sc63TrUCuM9J998+ViviahMIjKSOU7rfcgFOF+FCD71BhDRv4hrFz+ImDLQ==",
            "peer": true,
            "requires": {
                "tslib": "^2.1.0"
            }
        },
        "tslib": {
            "version": "2.4.1",
            "resolved": "https://registry.npmjs.org/tslib/-/tslib-2.4.1.tgz",
            "integrity": "sha512-tGyy4dAjRIEwI7BzsB0lynWgOpfqjUdq91XXAlIWD2OwKBH7oCl/GZG/HT4BOHrTlPMOASlMQ7veyTqpmRcrNA=="
        },
        "zone.js": {
            "version": "0.11.8",
            "resolved": "https://registry.npmjs.org/zone.js/-/zone.js-0.11.8.tgz",
            "integrity": "sha512-82bctBg2hKcEJ21humWIkXRlLBBmrc3nN7DFh5LGGhcyycO2S7FN8NmdvlcKaGFDNVL4/9kFLmwmInTavdJERA==",
            "peer": true,
            "requires": {
                "tslib": "^2.3.0"
            }
        }
    }
}
